schema: '2.0'
stages:
  preprocess:
    cmd: python -m src.preprocess
    deps:
    - path: data/raw/train.parquet
      hash: md5
      md5: be16ee58960e7ede95f6b7c0d06d7bbc
      size: 78744574
    - path: src/preprocess.py
      hash: md5
      md5: 7518364c41bb869f269382160a94aaf0
      size: 10624
    outs:
    - path: data/processed/train_ready.parquet
      hash: md5
      md5: edd2bee83acc8fa6e235fb611905e22a
      size: 40486736
  tune:
    cmd: python -m src.tune
    deps:
    - path: configs/config.py
      hash: md5
      md5: d4d952a4f5b91d9cc07eb4efd0f307d8
      size: 906
    - path: data/processed/train_ready.parquet
      hash: md5
      md5: edd2bee83acc8fa6e235fb611905e22a
      size: 40486736
    - path: src/data_loader.py
      hash: md5
      md5: 2c488753a00d265be3a2f4546b5c5f31
      size: 3925
    - path: src/tune.py
      hash: md5
      md5: 7542e108f617371433e6dcdb98db9271
      size: 4046
    params:
      configs/params.yaml:
        optuna:
          n_trials: 100
          learning_rate_min: 0.01
          learning_rate_max: 0.3
          max_depth_min: 3
          max_depth_max: 10
          min_child_weight_min: 5
          min_child_weight_max: 50
          subsample_min: 0.5
          subsample_max: 1.0
          colsample_bytree_min: 0.5
          colsample_bytree_max: 1.0
          gamma_min: 0.0
          gamma_max: 5.0
          scale_pos_weight_min: 10.0
          scale_pos_weight_max: 50.0
          reg_alpha_min: 0.0
          reg_alpha_max: 10.0
          reg_lambda_min: 0.0
          reg_lambda_max: 10.0
  train:
    cmd: python -m src.train
    deps:
    - path: configs/config.py
      hash: md5
      md5: d4d952a4f5b91d9cc07eb4efd0f307d8
      size: 906
    - path: data/processed/train_ready.parquet
      hash: md5
      md5: edd2bee83acc8fa6e235fb611905e22a
      size: 40486736
    - path: src/data_loader.py
      hash: md5
      md5: 2c488753a00d265be3a2f4546b5c5f31
      size: 3925
    - path: src/train.py
      hash: md5
      md5: f44e3f99fc774f94f6262a39c2d812b2
      size: 6078
    params:
      configs/params.yaml:
        train:
          num_boost_round: 1000
          early_stopping_rounds: 50
        xgboost_params:
          objective: binary:logistic
          tree_method: hist
          eval_metric: aucpr
          scale_pos_weight: 40.09714708450224
          subsample: 0.7326311730911048
          colsample_bytree: 0.72663664197538
          max_depth: 10
          learning_rate: 0.06864122692674184
          gamma: 1.378500817761101
          min_child_weight: 29
          reg_alpha: 3.3355195215240316
          reg_lambda: 4.09872015531394
