schema: '2.0'
stages:
  preprocess:
    cmd: python -m src.preprocess
    deps:
    - path: data/raw/train.parquet
      hash: md5
      md5: b9de70443a8b1569a0a29b723cbc1df4
      size: 78699448
    - path: src/preprocess.py
      hash: md5
      md5: fd8205689bf442447ac3b629df57c16e
      size: 4498
    outs:
    - path: data/processed/train_ready.parquet
      hash: md5
      md5: fe98ffddedab3c7176ecd30729e0344b
      size: 70952484
  tune:
    cmd: python -m src.tune
    deps:
    - path: configs/config.py
      hash: md5
      md5: d4d952a4f5b91d9cc07eb4efd0f307d8
      size: 906
    - path: data/processed/train_ready.parquet
      hash: md5
      md5: fe98ffddedab3c7176ecd30729e0344b
      size: 70952484
    - path: src/data_loader.py
      hash: md5
      md5: bfec3e532d5a60da3637edb23891b298
      size: 3960
    - path: src/tune.py
      hash: md5
      md5: fb9fd8c0b80cd3c596c9a2bb188e4add
      size: 3590
    params:
      configs/params.yaml:
        optuna:
          n_trials: 50
          learning_rate_min: 0.01
          learning_rate_max: 0.4
          max_depth_min: 3
          max_depth_max: 8
          subsample_min: 0.7
          subsample_max: 1.0
          colsample_bytree_min: 0.7
          colsample_bytree_max: 1.0
          gamma_min: 0.0
          gamma_max: 2.0
          scale_pos_weight_min: 1.0
          scale_pos_weight_max: 10.0
  train:
    cmd: python -m src.train
    deps:
    - path: configs/config.py
      hash: md5
      md5: d4d952a4f5b91d9cc07eb4efd0f307d8
      size: 906
    - path: data/processed/train_ready.parquet
      hash: md5
      md5: fe98ffddedab3c7176ecd30729e0344b
      size: 70952484
    - path: src/data_loader.py
      hash: md5
      md5: bfec3e532d5a60da3637edb23891b298
      size: 3960
    - path: src/train.py
      hash: md5
      md5: 1df86c3e7b62e65177eee54f53428620
      size: 5788
    params:
      configs/params.yaml:
        train:
          num_boost_round: 1000
          early_stopping_rounds: 30
        xgboost_params:
          objective: binary:logistic
          tree_method: hist
          eval_metric: aucpr
          scale_pos_weight: 4.533108075561949
          subsample: 0.8893442031404589
          colsample_bytree: 0.9939474313125859
          max_depth: 8
          learning_rate: 0.33084695260252694
          gamma: 0.4536959510043049
