schema: '2.0'
stages:
  preprocess:
    cmd: python -m src.preprocess
    deps:
    - path: data/raw/train.parquet
      hash: md5
      md5: b9de70443a8b1569a0a29b723cbc1df4
      size: 78699448
    - path: src/preprocess.py
      hash: md5
      md5: 9801f6fec632a7f4efffafcf65e4e94f
      size: 8763
    outs:
    - path: data/processed/train_ready.parquet
      hash: md5
      md5: e8ec1c64bc11f13ac9d25504ce0ee404
      size: 77324870
  tune:
    cmd: python -m src.tune
    deps:
    - path: configs/config.py
      hash: md5
      md5: d4d952a4f5b91d9cc07eb4efd0f307d8
      size: 906
    - path: data/processed/train_ready.parquet
      hash: md5
      md5: e8ec1c64bc11f13ac9d25504ce0ee404
      size: 77324870
    - path: src/data_loader.py
      hash: md5
      md5: f0f2f9fa5c1b0468f031c99848e2a0fb
      size: 3960
    - path: src/tune.py
      hash: md5
      md5: 7542e108f617371433e6dcdb98db9271
      size: 4046
    params:
      configs/params.yaml:
        optuna:
          n_trials: 100
          learning_rate_min: 0.01
          learning_rate_max: 0.3
          max_depth_min: 3
          max_depth_max: 10
          min_child_weight_min: 5
          min_child_weight_max: 50
          subsample_min: 0.5
          subsample_max: 1.0
          colsample_bytree_min: 0.5
          colsample_bytree_max: 1.0
          gamma_min: 0.0
          gamma_max: 5.0
          scale_pos_weight_min: 10.0
          scale_pos_weight_max: 50.0
          reg_alpha_min: 0.0
          reg_alpha_max: 10.0
          reg_lambda_min: 0.0
          reg_lambda_max: 10.0
  train:
    cmd: python -m src.train
    deps:
    - path: configs/config.py
      hash: md5
      md5: d4d952a4f5b91d9cc07eb4efd0f307d8
      size: 906
    - path: data/processed/train_ready.parquet
      hash: md5
      md5: e8ec1c64bc11f13ac9d25504ce0ee404
      size: 77324870
    - path: src/data_loader.py
      hash: md5
      md5: f0f2f9fa5c1b0468f031c99848e2a0fb
      size: 3960
    - path: src/train.py
      hash: md5
      md5: f44e3f99fc774f94f6262a39c2d812b2
      size: 6078
    params:
      configs/params.yaml:
        train:
          num_boost_round: 10000
          early_stopping_rounds: 500
        xgboost_params:
          objective: binary:logistic
          tree_method: hist
          eval_metric: aucpr
          scale_pos_weight: 31.292110350853164
          subsample: 0.877112796641063
          colsample_bytree: 0.5584496856419496
          max_depth: 10
          learning_rate: 0.07600064767398323
          gamma: 0.10922074445988061
          min_child_weight: 32
          reg_alpha: 3.000185118780891
          reg_lambda: 6.65847927414584
